
Microsoft Visual Studio Solution File, Format Version 12.00
# Visual Studio Version 16
VisualStudioVersion = 16.0.30717.126
MinimumVisualStudioVersion = 10.0.40219.1
Project("{9A19103F-16F7-4668-BE54-9A1E7A4F7556}") = "HealtCareNetCoreRazor", "HealtCareNetCoreRazor\HealtCareNetCoreRazor.csproj", "{DF5C1BBD-E0D6-4E61-93FA-08B7C226C506}"
EndProject
Project("{9A19103F-16F7-4668-BE54-9A1E7A4F7556}") = "HealtCareNetCoreMVC", "HealtCareNetCoreMVC\HealtCareNetCoreMVC.csproj", "{61B7C0D0-0073-499C-91B2-8EC0865D494B}"
EndProject
Project("{9A19103F-16F7-4668-BE54-9A1E7A4F7556}") = "HealtCareNetCore3", "HealtCareNetCore3\HealtCareNetCore3.csproj", "{786AC35B-17C6-408E-AB67-671CC8E1783B}"
EndProject
Project("{9A19103F-16F7-4668-BE54-9A1E7A4F7556}") = "HealtCareClassLibrary", "HealtCareClassLibrary\HealtCareClassLibrary.csproj", "{3DE5263B-632D-4C7D-B85D-46366C98594F}"
EndProject
Project("{9A19103F-16F7-4668-BE54-9A1E7A4F7556}") = "NugetClientApp", "NugetClientApp\NugetClientApp.csproj", "{5226DB22-DA28-4E21-8027-078D92AC6240}"
EndProject
Project("{FAE04EC0-301F-11D3-BF4B-00C04F79EFBC}") = "HCNugetServer", "HCNugetServer\HCNugetServer.csproj", "{D9C1457D-D8CB-4CA8-B635-794F2BC953AC}"
EndProject
Project("{9A19103F-16F7-4668-BE54-9A1E7A4F7556}") = "HCSignalRApp", "HCSignalRApp\HCSignalRApp.csproj", "{220394BD-56EA-4E75-9A36-ECA9C9B4CADA}"
EndProject
Project("{9A19103F-16F7-4668-BE54-9A1E7A4F7556}") = "BlazorAppForFundamentalConcepts", "BlazorAppForFundamentalConcepts\BlazorAppForFundamentalConcepts.csproj", "{AA1287B3-D554-4C39-8843-B20C12049D2F}"
EndProject
Project("{9A19103F-16F7-4668-BE54-9A1E7A4F7556}") = "AppointmentsManagerBlazorApp", "AppointmentsManagerBlazorApp\AppointmentsManagerBlazorApp.csproj", "{A2444517-7404-42F6-B3AF-0D2EAD7AAF8D}"
EndProject
Project("{9A19103F-16F7-4668-BE54-9A1E7A4F7556}") = "AppointmentsManagerShared", "AppointmentsManagerShared\AppointmentsManagerShared.csproj", "{907C5B88-4B4B-4EEC-BC18-4A6D47285FC0}"
EndProject
Project("{FAE04EC0-301F-11D3-BF4B-00C04F79EFBC}") = "AppointmentManagerBackEnd", "AppointmentManagerBackEnd\AppointmentManagerBackEnd.csproj", "{AC94872B-ADF9-4F2B-8317-E71B42D338D1}"
EndProject
Global
	GlobalSection(SolutionConfigurationPlatforms) = preSolution
		Debug|Any CPU = Debug|Any CPU
		Release|Any CPU = Release|Any CPU
	EndGlobalSection
	GlobalSection(ProjectConfigurationPlatforms) = postSolution
		{DF5C1BBD-E0D6-4E61-93FA-08B7C226C506}.Debug|Any CPU.ActiveCfg = Debug|Any CPU
		{DF5C1BBD-E0D6-4E61-93FA-08B7C226C506}.Debug|Any CPU.Build.0 = Debug|Any CPU
		{DF5C1BBD-E0D6-4E61-93FA-08B7C226C506}.Release|Any CPU.ActiveCfg = Release|Any CPU
		{DF5C1BBD-E0D6-4E61-93FA-08B7C226C506}.Release|Any CPU.Build.0 = Release|Any CPU
		{61B7C0D0-0073-499C-91B2-8EC0865D494B}.Debug|Any CPU.ActiveCfg = Debug|Any CPU
		{61B7C0D0-0073-499C-91B2-8EC0865D494B}.Debug|Any CPU.Build.0 = Debug|Any CPU
		{61B7C0D0-0073-499C-91B2-8EC0865D494B}.Release|Any CPU.ActiveCfg = Release|Any CPU
		{61B7C0D0-0073-499C-91B2-8EC0865D494B}.Release|Any CPU.Build.0 = Release|Any CPU
		{786AC35B-17C6-408E-AB67-671CC8E1783B}.Debug|Any CPU.ActiveCfg = Debug|Any CPU
		{786AC35B-17C6-408E-AB67-671CC8E1783B}.Debug|Any CPU.Build.0 = Debug|Any CPU
		{786AC35B-17C6-408E-AB67-671CC8E1783B}.Release|Any CPU.ActiveCfg = Release|Any CPU
		{786AC35B-17C6-408E-AB67-671CC8E1783B}.Release|Any CPU.Build.0 = Release|Any CPU
		{3DE5263B-632D-4C7D-B85D-46366C98594F}.Debug|Any CPU.ActiveCfg = Debug|Any CPU
		{3DE5263B-632D-4C7D-B85D-46366C98594F}.Debug|Any CPU.Build.0 = Debug|Any CPU
		{3DE5263B-632D-4C7D-B85D-46366C98594F}.Release|Any CPU.ActiveCfg = Release|Any CPU
		{3DE5263B-632D-4C7D-B85D-46366C98594F}.Release|Any CPU.Build.0 = Release|Any CPU
		{5226DB22-DA28-4E21-8027-078D92AC6240}.Debug|Any CPU.ActiveCfg = Debug|Any CPU
		{5226DB22-DA28-4E21-8027-078D92AC6240}.Debug|Any CPU.Build.0 = Debug|Any CPU
		{5226DB22-DA28-4E21-8027-078D92AC6240}.Release|Any CPU.ActiveCfg = Release|Any CPU
		{5226DB22-DA28-4E21-8027-078D92AC6240}.Release|Any CPU.Build.0 = Release|Any CPU
		{D9C1457D-D8CB-4CA8-B635-794F2BC953AC}.Debug|Any CPU.ActiveCfg = Debug|Any CPU
		{D9C1457D-D8CB-4CA8-B635-794F2BC953AC}.Debug|Any CPU.Build.0 = Debug|Any CPU
		{D9C1457D-D8CB-4CA8-B635-794F2BC953AC}.Release|Any CPU.ActiveCfg = Release|Any CPU
		{D9C1457D-D8CB-4CA8-B635-794F2BC953AC}.Release|Any CPU.Build.0 = Release|Any CPU
		{220394BD-56EA-4E75-9A36-ECA9C9B4CADA}.Debug|Any CPU.ActiveCfg = Debug|Any CPU
		{220394BD-56EA-4E75-9A36-ECA9C9B4CADA}.Debug|Any CPU.Build.0 = Debug|Any CPU
		{220394BD-56EA-4E75-9A36-ECA9C9B4CADA}.Release|Any CPU.ActiveCfg = Release|Any CPU
		{220394BD-56EA-4E75-9A36-ECA9C9B4CADA}.Release|Any CPU.Build.0 = Release|Any CPU
		{AA1287B3-D554-4C39-8843-B20C12049D2F}.Debug|Any CPU.ActiveCfg = Debug|Any CPU
		{AA1287B3-D554-4C39-8843-B20C12049D2F}.Debug|Any CPU.Build.0 = Debug|Any CPU
		{AA1287B3-D554-4C39-8843-B20C12049D2F}.Release|Any CPU.ActiveCfg = Release|Any CPU
		{AA1287B3-D554-4C39-8843-B20C12049D2F}.Release|Any CPU.Build.0 = Release|Any CPU
		{A2444517-7404-42F6-B3AF-0D2EAD7AAF8D}.Debug|Any CPU.ActiveCfg = Debug|Any CPU
		{A2444517-7404-42F6-B3AF-0D2EAD7AAF8D}.Debug|Any CPU.Build.0 = Debug|Any CPU
		{A2444517-7404-42F6-B3AF-0D2EAD7AAF8D}.Release|Any CPU.ActiveCfg = Release|Any CPU
		{A2444517-7404-42F6-B3AF-0D2EAD7AAF8D}.Release|Any CPU.Build.0 = Release|Any CPU
		{907C5B88-4B4B-4EEC-BC18-4A6D47285FC0}.Debug|Any CPU.ActiveCfg = Debug|Any CPU
		{907C5B88-4B4B-4EEC-BC18-4A6D47285FC0}.Debug|Any CPU.Build.0 = Debug|Any CPU
		{907C5B88-4B4B-4EEC-BC18-4A6D47285FC0}.Release|Any CPU.ActiveCfg = Release|Any CPU
		{907C5B88-4B4B-4EEC-BC18-4A6D47285FC0}.Release|Any CPU.Build.0 = Release|Any CPU
		{AC94872B-ADF9-4F2B-8317-E71B42D338D1}.Debug|Any CPU.ActiveCfg = Debug|Any CPU
		{AC94872B-ADF9-4F2B-8317-E71B42D338D1}.Debug|Any CPU.Build.0 = Debug|Any CPU
		{AC94872B-ADF9-4F2B-8317-E71B42D338D1}.Release|Any CPU.ActiveCfg = Release|Any CPU
		{AC94872B-ADF9-4F2B-8317-E71B42D338D1}.Release|Any CPU.Build.0 = Release|Any CPU
	EndGlobalSection
	GlobalSection(SolutionProperties) = preSolution
		HideSolutionNode = FALSE
	EndGlobalSection
	GlobalSection(ExtensibilityGlobals) = postSolution
		SolutionGuid = {0C3C029F-FD86-4DA1-9CBF-4ABA917DBD2F}
	EndGlobalSection
EndGlobal
