
Microsoft Visual Studio Solution File, Format Version 12.00
# Visual Studio Version 16
VisualStudioVersion = 16.0.30717.126
MinimumVisualStudioVersion = 10.0.40219.1
Project("{FAE04EC0-301F-11D3-BF4B-00C04F79EFBC}") = "HealtCareNetCoreRazor", "HealtCareNetCoreRazor\HealtCareNetCoreRazor.csproj", "{DF5C1BBD-E0D6-4E61-93FA-08B7C226C506}"
EndProject
Project("{FAE04EC0-301F-11D3-BF4B-00C04F79EFBC}") = "HealtCareNetCoreMVC", "HealtCareNetCoreMVC\HealtCareNetCoreMVC.csproj", "{61B7C0D0-0073-499C-91B2-8EC0865D494B}"
EndProject
Project("{FAE04EC0-301F-11D3-BF4B-00C04F79EFBC}") = "HealtCareNetCore3", "HealtCareNetCore3\HealtCareNetCore3.csproj", "{786AC35B-17C6-408E-AB67-671CC8E1783B}"
EndProject
Global
	GlobalSection(SolutionConfigurationPlatforms) = preSolution
		Debug|Any CPU = Debug|Any CPU
		Release|Any CPU = Release|Any CPU
	EndGlobalSection
	GlobalSection(ProjectConfigurationPlatforms) = postSolution
		{DF5C1BBD-E0D6-4E61-93FA-08B7C226C506}.Debug|Any CPU.ActiveCfg = Debug|Any CPU
		{DF5C1BBD-E0D6-4E61-93FA-08B7C226C506}.Debug|Any CPU.Build.0 = Debug|Any CPU
		{DF5C1BBD-E0D6-4E61-93FA-08B7C226C506}.Release|Any CPU.ActiveCfg = Release|Any CPU
		{DF5C1BBD-E0D6-4E61-93FA-08B7C226C506}.Release|Any CPU.Build.0 = Release|Any CPU
		{61B7C0D0-0073-499C-91B2-8EC0865D494B}.Debug|Any CPU.ActiveCfg = Debug|Any CPU
		{61B7C0D0-0073-499C-91B2-8EC0865D494B}.Debug|Any CPU.Build.0 = Debug|Any CPU
		{61B7C0D0-0073-499C-91B2-8EC0865D494B}.Release|Any CPU.ActiveCfg = Release|Any CPU
		{61B7C0D0-0073-499C-91B2-8EC0865D494B}.Release|Any CPU.Build.0 = Release|Any CPU
		{786AC35B-17C6-408E-AB67-671CC8E1783B}.Debug|Any CPU.ActiveCfg = Debug|Any CPU
		{786AC35B-17C6-408E-AB67-671CC8E1783B}.Debug|Any CPU.Build.0 = Debug|Any CPU
		{786AC35B-17C6-408E-AB67-671CC8E1783B}.Release|Any CPU.ActiveCfg = Release|Any CPU
		{786AC35B-17C6-408E-AB67-671CC8E1783B}.Release|Any CPU.Build.0 = Release|Any CPU
	EndGlobalSection
	GlobalSection(SolutionProperties) = preSolution
		HideSolutionNode = FALSE
	EndGlobalSection
	GlobalSection(ExtensibilityGlobals) = postSolution
		SolutionGuid = {0C3C029F-FD86-4DA1-9CBF-4ABA917DBD2F}
	EndGlobalSection
EndGlobal
